
Microsoft Visual Studio Solution File, Format Version 12.00
# Visual Studio Version 16
VisualStudioVersion = 16.0.30517.126
MinimumVisualStudioVersion = 10.0.40219.1
Project("{FAE04EC0-301F-11D3-BF4B-00C04F79EFBC}") = "Problem610DivisionOfInts", "Problem610DivisionOfInts\Problem610DivisionOfInts.csproj", "{C0C0ED3E-6CAB-453B-A37E-8D8567EDEC85}"
EndProject
Global
	GlobalSection(SolutionConfigurationPlatforms) = preSolution
		Debug|Any CPU = Debug|Any CPU
		Release|Any CPU = Release|Any CPU
	EndGlobalSection
	GlobalSection(ProjectConfigurationPlatforms) = postSolution
		{C0C0ED3E-6CAB-453B-A37E-8D8567EDEC85}.Debug|Any CPU.ActiveCfg = Debug|Any CPU
		{C0C0ED3E-6CAB-453B-A37E-8D8567EDEC85}.Debug|Any CPU.Build.0 = Debug|Any CPU
		{C0C0ED3E-6CAB-453B-A37E-8D8567EDEC85}.Release|Any CPU.ActiveCfg = Release|Any CPU
		{C0C0ED3E-6CAB-453B-A37E-8D8567EDEC85}.Release|Any CPU.Build.0 = Release|Any CPU
	EndGlobalSection
	GlobalSection(SolutionProperties) = preSolution
		HideSolutionNode = FALSE
	EndGlobalSection
	GlobalSection(ExtensibilityGlobals) = postSolution
		SolutionGuid = {7E12A4FE-EDB8-4855-AD5E-E9AA35AF6137}
	EndGlobalSection
EndGlobal
